
Microsoft Visual Studio Solution File, Format Version 12.00
# Visual Studio 14
VisualStudioVersion = 14.0.24720.0
MinimumVisualStudioVersion = 10.0.40219.1
Project("{FAE04EC0-301F-11D3-BF4B-00C04F79EFBC}") = "Exercicio03", "Exercicio03\Exercicio03.csproj", "{B0ECADD8-1586-4EC3-A778-13D00EB7A6DB}"
EndProject
Global
	GlobalSection(SolutionConfigurationPlatforms) = preSolution
		Debug|Any CPU = Debug|Any CPU
		Release|Any CPU = Release|Any CPU
	EndGlobalSection
	GlobalSection(ProjectConfigurationPlatforms) = postSolution
		{B0ECADD8-1586-4EC3-A778-13D00EB7A6DB}.Debug|Any CPU.ActiveCfg = Debug|Any CPU
		{B0ECADD8-1586-4EC3-A778-13D00EB7A6DB}.Debug|Any CPU.Build.0 = Debug|Any CPU
		{B0ECADD8-1586-4EC3-A778-13D00EB7A6DB}.Release|Any CPU.ActiveCfg = Release|Any CPU
		{B0ECADD8-1586-4EC3-A778-13D00EB7A6DB}.Release|Any CPU.Build.0 = Release|Any CPU
	EndGlobalSection
	GlobalSection(SolutionProperties) = preSolution
		HideSolutionNode = FALSE
	EndGlobalSection
EndGlobal
