
Microsoft Visual Studio Solution File, Format Version 12.00
# Visual Studio 14
VisualStudioVersion = 14.0.24720.0
MinimumVisualStudioVersion = 10.0.40219.1
Project("{FAE04EC0-301F-11D3-BF4B-00C04F79EFBC}") = "Exercicio01", "Exercicio01\Exercicio01.csproj", "{B3089139-63A5-4AA0-A3F0-BF02E2FAC8AD}"
EndProject
Global
	GlobalSection(SolutionConfigurationPlatforms) = preSolution
		Debug|Any CPU = Debug|Any CPU
		Release|Any CPU = Release|Any CPU
	EndGlobalSection
	GlobalSection(ProjectConfigurationPlatforms) = postSolution
		{B3089139-63A5-4AA0-A3F0-BF02E2FAC8AD}.Debug|Any CPU.ActiveCfg = Debug|Any CPU
		{B3089139-63A5-4AA0-A3F0-BF02E2FAC8AD}.Debug|Any CPU.Build.0 = Debug|Any CPU
		{B3089139-63A5-4AA0-A3F0-BF02E2FAC8AD}.Release|Any CPU.ActiveCfg = Release|Any CPU
		{B3089139-63A5-4AA0-A3F0-BF02E2FAC8AD}.Release|Any CPU.Build.0 = Release|Any CPU
	EndGlobalSection
	GlobalSection(SolutionProperties) = preSolution
		HideSolutionNode = FALSE
	EndGlobalSection
EndGlobal
